// !$*UTF8*$!
{
	archiveVersion = 1;
	classes = {
	};
	objectVersion = 46;
	objects = {

/* Begin PBXBuildFile section */
		6DFA92B81EAF516900752481 /* AppDelegate.swift in Sources */ = {isa = PBXBuildFile; fileRef = 6DFA92B71EAF516900752481 /* AppDelegate.swift */; };
		6DFA92BA1EAF516900752481 /* ViewController.swift in Sources */ = {isa = PBXBuildFile; fileRef = 6DFA92B91EAF516900752481 /* ViewController.swift */; };
		6DFA92BD1EAF516900752481 /* Main.storyboard in Resources */ = {isa = PBXBuildFile; fileRef = 6DFA92BB1EAF516900752481 /* Main.storyboard */; };
		6DFA92BF1EAF516900752481 /* Assets.xcassets in Resources */ = {isa = PBXBuildFile; fileRef = 6DFA92BE1EAF516900752481 /* Assets.xcassets */; };
		6DFA92C21EAF516900752481 /* LaunchScreen.storyboard in Resources */ = {isa = PBXBuildFile; fileRef = 6DFA92C01EAF516900752481 /* LaunchScreen.storyboard */; };
		6DFA92CD1EAF516900752481 /* SportakusTests.swift in Sources */ = {isa = PBXBuildFile; fileRef = 6DFA92CC1EAF516900752481 /* SportakusTests.swift */; };
		6DFA92D81EAF516900752481 /* SportakusUITests.swift in Sources */ = {isa = PBXBuildFile; fileRef = 6DFA92D71EAF516900752481 /* SportakusUITests.swift */; };
/* End PBXBuildFile section */

/* Begin PBXContainerItemProxy section */
		6DFA92C91EAF516900752481 /* PBXContainerItemProxy */ = {
			isa = PBXContainerItemProxy;
			containerPortal = 6DFA92AC1EAF516900752481 /* Project object */;
			proxyType = 1;
			remoteGlobalIDString = 6DFA92B31EAF516900752481;
			remoteInfo = Sportakus;
		};
		6DFA92D41EAF516900752481 /* PBXContainerItemProxy */ = {
			isa = PBXContainerItemProxy;
			containerPortal = 6DFA92AC1EAF516900752481 /* Project object */;
			proxyType = 1;
			remoteGlobalIDString = 6DFA92B31EAF516900752481;
			remoteInfo = Sportakus;
		};
/* End PBXContainerItemProxy section */

/* Begin PBXFileReference section */
		6DFA92B41EAF516900752481 /* Sportakus.app */ = {isa = PBXFileReference; explicitFileType = wrapper.application; includeInIndex = 0; path = Sportakus.app; sourceTree = BUILT_PRODUCTS_DIR; };
		6DFA92B71EAF516900752481 /* AppDelegate.swift */ = {isa = PBXFileReference; lastKnownFileType = sourcecode.swift; path = AppDelegate.swift; sourceTree = "<group>"; };
		6DFA92B91EAF516900752481 /* ViewController.swift */ = {isa = PBXFileReference; lastKnownFileType = sourcecode.swift; path = ViewController.swift; sourceTree = "<group>"; };
		6DFA92BC1EAF516900752481 /* Base */ = {isa = PBXFileReference; lastKnownFileType = file.storyboard; name = Base; path = Base.lproj/Main.storyboard; sourceTree = "<group>"; };
		6DFA92BE1EAF516900752481 /* Assets.xcassets */ = {isa = PBXFileReference; lastKnownFileType = folder.assetcatalog; path = Assets.xcassets; sourceTree = "<group>"; };
		6DFA92C11EAF516900752481 /* Base */ = {isa = PBXFileReference; lastKnownFileType = file.storyboard; name = Base; path = Base.lproj/LaunchScreen.storyboard; sourceTree = "<group>"; };
		6DFA92C31EAF516900752481 /* Info.plist */ = {isa = PBXFileReference; lastKnownFileType = text.plist.xml; path = Info.plist; sourceTree = "<group>"; };
		6DFA92C81EAF516900752481 /* SportakusTests.xctest */ = {isa = PBXFileReference; explicitFileType = wrapper.cfbundle; includeInIndex = 0; path = SportakusTests.xctest; sourceTree = BUILT_PRODUCTS_DIR; };
		6DFA92CC1EAF516900752481 /* SportakusTests.swift */ = {isa = PBXFileReference; lastKnownFileType = sourcecode.swift; path = SportakusTests.swift; sourceTree = "<group>"; };
		6DFA92CE1EAF516900752481 /* Info.plist */ = {isa = PBXFileReference; lastKnownFileType = text.plist.xml; path = Info.plist; sourceTree = "<group>"; };
		6DFA92D31EAF516900752481 /* SportakusUITests.xctest */ = {isa = PBXFileReference; explicitFileType = wrapper.cfbundle; includeInIndex = 0; path = SportakusUITests.xctest; sourceTree = BUILT_PRODUCTS_DIR; };
		6DFA92D71EAF516900752481 /* SportakusUITests.swift */ = {isa = PBXFileReference; lastKnownFileType = sourcecode.swift; path = SportakusUITests.swift; sourceTree = "<group>"; };
		6DFA92D91EAF516900752481 /* Info.plist */ = {isa = PBXFileReference; lastKnownFileType = text.plist.xml; path = Info.plist; sourceTree = "<group>"; };
/* End PBXFileReference section */

/* Begin PBXFrameworksBuildPhase section */
		6DFA92B11EAF516900752481 /* Frameworks */ = {
			isa = PBXFrameworksBuildPhase;
			buildActionMask = 2147483647;
			files = (
			);
			runOnlyForDeploymentPostprocessing = 0;
		};
		6DFA92C51EAF516900752481 /* Frameworks */ = {
			isa = PBXFrameworksBuildPhase;
			buildActionMask = 2147483647;
			files = (
			);
			runOnlyForDeploymentPostprocessing = 0;
		};
		6DFA92D01EAF516900752481 /* Frameworks */ = {
			isa = PBXFrameworksBuildPhase;
			buildActionMask = 2147483647;
			files = (
			);
			runOnlyForDeploymentPostprocessing = 0;
		};
/* End PBXFrameworksBuildPhase section */

/* Begin PBXGroup section */
		6DFA92AB1EAF516900752481 = {
			isa = PBXGroup;
			children = (
				6DFA92B61EAF516900752481 /* Sportakus */,
				6DFA92CB1EAF516900752481 /* SportakusTests */,
				6DFA92D61EAF516900752481 /* SportakusUITests */,
				6DFA92B51EAF516900752481 /* Products */,
			);
			sourceTree = "<group>";
		};
		6DFA92B51EAF516900752481 /* Products */ = {
			isa = PBXGroup;
			children = (
				6DFA92B41EAF516900752481 /* Sportakus.app */,
				6DFA92C81EAF516900752481 /* SportakusTests.xctest */,
				6DFA92D31EAF516900752481 /* SportakusUITests.xctest */,
			);
			name = Products;
			sourceTree = "<group>";
		};
		6DFA92B61EAF516900752481 /* Sportakus */ = {
			isa = PBXGroup;
			children = (
				6DFA92B71EAF516900752481 /* AppDelegate.swift */,
				6DFA92B91EAF516900752481 /* ViewController.swift */,
				6DFA92BB1EAF516900752481 /* Main.storyboard */,
				6DFA92BE1EAF516900752481 /* Assets.xcassets */,
				6DFA92C01EAF516900752481 /* LaunchScreen.storyboard */,
				6DFA92C31EAF516900752481 /* Info.plist */,
			);
			path = Sportakus;
			sourceTree = "<group>";
		};
		6DFA92CB1EAF516900752481 /* SportakusTests */ = {
			isa = PBXGroup;
			children = (
				6DFA92CC1EAF516900752481 /* SportakusTests.swift */,
				6DFA92CE1EAF516900752481 /* Info.plist */,
			);
			path = SportakusTests;
			sourceTree = "<group>";
		};
		6DFA92D61EAF516900752481 /* SportakusUITests */ = {
			isa = PBXGroup;
			children = (
				6DFA92D71EAF516900752481 /* SportakusUITests.swift */,
				6DFA92D91EAF516900752481 /* Info.plist */,
			);
			path = SportakusUITests;
			sourceTree = "<group>";
		};
/* End PBXGroup section */

/* Begin PBXNativeTarget section */
		6DFA92B31EAF516900752481 /* Sportakus */ = {
			isa = PBXNativeTarget;
			buildConfigurationList = 6DFA92DC1EAF516900752481 /* Build configuration list for PBXNativeTarget "Sportakus" */;
			buildPhases = (
				6DFA92B01EAF516900752481 /* Sources */,
				6DFA92B11EAF516900752481 /* Frameworks */,
				6DFA92B21EAF516900752481 /* Resources */,
			);
			buildRules = (
			);
			dependencies = (
			);
			name = Sportakus;
			productName = Sportakus;
			productReference = 6DFA92B41EAF516900752481 /* Sportakus.app */;
			productType = "com.apple.product-type.application";
		};
		6DFA92C71EAF516900752481 /* SportakusTests */ = {
			isa = PBXNativeTarget;
			buildConfigurationList = 6DFA92DF1EAF516900752481 /* Build configuration list for PBXNativeTarget "SportakusTests" */;
			buildPhases = (
				6DFA92C41EAF516900752481 /* Sources */,
				6DFA92C51EAF516900752481 /* Frameworks */,
				6DFA92C61EAF516900752481 /* Resources */,
			);
			buildRules = (
			);
			dependencies = (
				6DFA92CA1EAF516900752481 /* PBXTargetDependency */,
			);
			name = SportakusTests;
			productName = SportakusTests;
			productReference = 6DFA92C81EAF516900752481 /* SportakusTests.xctest */;
			productType = "com.apple.product-type.bundle.unit-test";
		};
		6DFA92D21EAF516900752481 /* SportakusUITests */ = {
			isa = PBXNativeTarget;
			buildConfigurationList = 6DFA92E21EAF516900752481 /* Build configuration list for PBXNativeTarget "SportakusUITests" */;
			buildPhases = (
				6DFA92CF1EAF516900752481 /* Sources */,
				6DFA92D01EAF516900752481 /* Frameworks */,
				6DFA92D11EAF516900752481 /* Resources */,
			);
			buildRules = (
			);
			dependencies = (
				6DFA92D51EAF516900752481 /* PBXTargetDependency */,
			);
			name = SportakusUITests;
			productName = SportakusUITests;
			productReference = 6DFA92D31EAF516900752481 /* SportakusUITests.xctest */;
			productType = "com.apple.product-type.bundle.ui-testing";
		};
/* End PBXNativeTarget section */

/* Begin PBXProject section */
		6DFA92AC1EAF516900752481 /* Project object */ = {
			isa = PBXProject;
			attributes = {
				LastSwiftUpdateCheck = 0810;
				LastUpgradeCheck = 0810;
				ORGANIZATIONNAME = "Emel Altmisoglu";
				TargetAttributes = {
					6DFA92B31EAF516900752481 = {
						CreatedOnToolsVersion = 8.1;
						ProvisioningStyle = Automatic;
					};
					6DFA92C71EAF516900752481 = {
						CreatedOnToolsVersion = 8.1;
						ProvisioningStyle = Automatic;
						TestTargetID = 6DFA92B31EAF516900752481;
					};
					6DFA92D21EAF516900752481 = {
						CreatedOnToolsVersion = 8.1;
						ProvisioningStyle = Automatic;
						TestTargetID = 6DFA92B31EAF516900752481;
					};
				};
			};
			buildConfigurationList = 6DFA92AF1EAF516900752481 /* Build configuration list for PBXProject "Sportakus" */;
			compatibilityVersion = "Xcode 3.2";
			developmentRegion = English;
			hasScannedForEncodings = 0;
			knownRegions = (
				en,
				Base,
			);
			mainGroup = 6DFA92AB1EAF516900752481;
			productRefGroup = 6DFA92B51EAF516900752481 /* Products */;
			projectDirPath = "";
			projectRoot = "";
			targets = (
				6DFA92B31EAF516900752481 /* Sportakus */,
				6DFA92C71EAF516900752481 /* SportakusTests */,
				6DFA92D21EAF516900752481 /* SportakusUITests */,
			);
		};
/* End PBXProject section */

/* Begin PBXResourcesBuildPhase section */
		6DFA92B21EAF516900752481 /* Resources */ = {
			isa = PBXResourcesBuildPhase;
			buildActionMask = 2147483647;
			files = (
				6DFA92C21EAF516900752481 /* LaunchScreen.storyboard in Resources */,
				6DFA92BF1EAF516900752481 /* Assets.xcassets in Resources */,
				6DFA92BD1EAF516900752481 /* Main.storyboard in Resources */,
			);
			runOnlyForDeploymentPostprocessing = 0;
		};
		6DFA92C61EAF516900752481 /* Resources */ = {
			isa = PBXResourcesBuildPhase;
			buildActionMask = 2147483647;
			files = (
			);
			runOnlyForDeploymentPostprocessing = 0;
		};
		6DFA92D11EAF516900752481 /* Resources */ = {
			isa = PBXResourcesBuildPhase;
			buildActionMask = 2147483647;
			files = (
			);
			runOnlyForDeploymentPostprocessing = 0;
		};
/* End PBXResourcesBuildPhase section */

/* Begin PBXSourcesBuildPhase section */
		6DFA92B01EAF516900752481 /* Sources */ = {
			isa = PBXSourcesBuildPhase;
			buildActionMask = 2147483647;
			files = (
				6DFA92BA1EAF516900752481 /* ViewController.swift in Sources */,
				6DFA92B81EAF516900752481 /* AppDelegate.swift in Sources */,
			);
			runOnlyForDeploymentPostprocessing = 0;
		};
		6DFA92C41EAF516900752481 /* Sources */ = {
			isa = PBXSourcesBuildPhase;
			buildActionMask = 2147483647;
			files = (
				6DFA92CD1EAF516900752481 /* SportakusTests.swift in Sources */,
			);
			runOnlyForDeploymentPostprocessing = 0;
		};
		6DFA92CF1EAF516900752481 /* Sources */ = {
			isa = PBXSourcesBuildPhase;
			buildActionMask = 2147483647;
			files = (
				6DFA92D81EAF516900752481 /* SportakusUITests.swift in Sources */,
			);
			runOnlyForDeploymentPostprocessing = 0;
		};
/* End PBXSourcesBuildPhase section */

/* Begin PBXTargetDependency section */
		6DFA92CA1EAF516900752481 /* PBXTargetDependency */ = {
			isa = PBXTargetDependency;
			target = 6DFA92B31EAF516900752481 /* Sportakus */;
			targetProxy = 6DFA92C91EAF516900752481 /* PBXContainerItemProxy */;
		};
		6DFA92D51EAF516900752481 /* PBXTargetDependency */ = {
			isa = PBXTargetDependency;
			target = 6DFA92B31EAF516900752481 /* Sportakus */;
			targetProxy = 6DFA92D41EAF516900752481 /* PBXContainerItemProxy */;
		};
/* End PBXTargetDependency section */

/* Begin PBXVariantGroup section */
		6DFA92BB1EAF516900752481 /* Main.storyboard */ = {
			isa = PBXVariantGroup;
			children = (
				6DFA92BC1EAF516900752481 /* Base */,
			);
			name = Main.storyboard;
			sourceTree = "<group>";
		};
		6DFA92C01EAF516900752481 /* LaunchScreen.storyboard */ = {
			isa = PBXVariantGroup;
			children = (
				6DFA92C11EAF516900752481 /* Base */,
			);
			name = LaunchScreen.storyboard;
			sourceTree = "<group>";
		};
/* End PBXVariantGroup section */

/* Begin XCBuildConfiguration section */
		6DFA92DA1EAF516900752481 /* Debug */ = {
			isa = XCBuildConfiguration;
			buildSettings = {
				ALWAYS_SEARCH_USER_PATHS = NO;
				CLANG_ANALYZER_NONNULL = YES;
				CLANG_CXX_LANGUAGE_STANDARD = "gnu++0x";
				CLANG_CXX_LIBRARY = "libc++";
				CLANG_ENABLE_MODULES = YES;
				CLANG_ENABLE_OBJC_ARC = YES;
				CLANG_WARN_BOOL_CONVERSION = YES;
				CLANG_WARN_CONSTANT_CONVERSION = YES;
				CLANG_WARN_DIRECT_OBJC_ISA_USAGE = YES_ERROR;
				CLANG_WARN_DOCUMENTATION_COMMENTS = YES;
				CLANG_WARN_EMPTY_BODY = YES;
				CLANG_WARN_ENUM_CONVERSION = YES;
				CLANG_WARN_INFINITE_RECURSION = YES;
				CLANG_WARN_INT_CONVERSION = YES;
				CLANG_WARN_OBJC_ROOT_CLASS = YES_ERROR;
				CLANG_WARN_SUSPICIOUS_MOVES = YES;
				CLANG_WARN_UNREACHABLE_CODE = YES;
				CLANG_WARN__DUPLICATE_METHOD_MATCH = YES;
				"CODE_SIGN_IDENTITY[sdk=iphoneos*]" = "iPhone Developer";
				COPY_PHASE_STRIP = NO;
				DEBUG_INFORMATION_FORMAT = dwarf;
				ENABLE_STRICT_OBJC_MSGSEND = YES;
				ENABLE_TESTABILITY = YES;
				GCC_C_LANGUAGE_STANDARD = gnu99;
				GCC_DYNAMIC_NO_PIC = NO;
				GCC_NO_COMMON_BLOCKS = YES;
				GCC_OPTIMIZATION_LEVEL = 0;
				GCC_PREPROCESSOR_DEFINITIONS = (
					"DEBUG=1",
					"$(inherited)",
				);
				GCC_WARN_64_TO_32_BIT_CONVERSION = YES;
				GCC_WARN_ABOUT_RETURN_TYPE = YES_ERROR;
				GCC_WARN_UNDECLARED_SELECTOR = YES;
				GCC_WARN_UNINITIALIZED_AUTOS = YES_AGGRESSIVE;
				GCC_WARN_UNUSED_FUNCTION = YES;
				GCC_WARN_UNUSED_VARIABLE = YES;
				IPHONEOS_DEPLOYMENT_TARGET = 10.1;
				MTL_ENABLE_DEBUG_INFO = YES;
				ONLY_ACTIVE_ARCH = YES;
				SDKROOT = iphoneos;
				SWIFT_ACTIVE_COMPILATION_CONDITIONS = DEBUG;
				SWIFT_OPTIMIZATION_LEVEL = "-Onone";
			};
			name = Debug;
		};
		6DFA92DB1EAF516900752481 /* Release */ = {
			isa = XCBuildConfiguration;
			buildSettings = {
				ALWAYS_SEARCH_USER_PATHS = NO;
				CLANG_ANALYZER_NONNULL = YES;
				CLANG_CXX_LANGUAGE_STANDARD = "gnu++0x";
				CLANG_CXX_LIBRARY = "libc++";
				CLANG_ENABLE_MODULES = YES;
				CLANG_ENABLE_OBJC_ARC = YES;
				CLANG_WARN_BOOL_CONVERSION = YES;
				CLANG_WARN_CONSTANT_CONVERSION = YES;
				CLANG_WARN_DIRECT_OBJC_ISA_USAGE = YES_ERROR;
				CLANG_WARN_DOCUMENTATION_COMMENTS = YES;
				CLANG_WARN_EMPTY_BODY = YES;
				CLANG_WARN_ENUM_CONVERSION = YES;
				CLANG_WARN_INFINITE_RECURSION = YES;
				CLANG_WARN_INT_CONVERSION = YES;
				CLANG_WARN_OBJC_ROOT_CLASS = YES_ERROR;
				CLANG_WARN_SUSPICIOUS_MOVES = YES;
				CLANG_WARN_UNREACHABLE_CODE = YES;
				CLANG_WARN__DUPLICATE_METHOD_MATCH = YES;
				"CODE_SIGN_IDENTITY[sdk=iphoneos*]" = "iPhone Developer";
				COPY_PHASE_STRIP = NO;
				DEBUG_INFORMATION_FORMAT = "dwarf-with-dsym";
				ENABLE_NS_ASSERTIONS = NO;
				ENABLE_STRICT_OBJC_MSGSEND = YES;
				GCC_C_LANGUAGE_STANDARD = gnu99;
				GCC_NO_COMMON_BLOCKS = YES;
				GCC_WARN_64_TO_32_BIT_CONVERSION = YES;
				GCC_WARN_ABOUT_RETURN_TYPE = YES_ERROR;
				GCC_WARN_UNDECLARED_SELECTOR = YES;
				GCC_WARN_UNINITIALIZED_AUTOS = YES_AGGRESSIVE;
				GCC_WARN_UNUSED_FUNCTION = YES;
				GCC_WARN_UNUSED_VARIABLE = YES;
				IPHONEOS_DEPLOYMENT_TARGET = 10.1;
				MTL_ENABLE_DEBUG_INFO = NO;
				SDKROOT = iphoneos;
				SWIFT_OPTIMIZATION_LEVEL = "-Owholemodule";
				VALIDATE_PRODUCT = YES;
			};
			name = Release;
		};
		6DFA92DD1EAF516900752481 /* Debug */ = {
			isa = XCBuildConfiguration;
			buildSettings = {
				ASSETCATALOG_COMPILER_APPICON_NAME = AppIcon;
				INFOPLIST_FILE = Sportakus/Info.plist;
				LD_RUNPATH_SEARCH_PATHS = "$(inherited) @executable_path/Frameworks";
				PRODUCT_BUNDLE_IDENTIFIER = MLA.Sportakus;
				PRODUCT_NAME = "$(TARGET_NAME)";
				SWIFT_VERSION = 3.0;
			};
			name = Debug;
		};
		6DFA92DE1EAF516900752481 /* Release */ = {
			isa = XCBuildConfiguration;
			buildSettings = {
				ASSETCATALOG_COMPILER_APPICON_NAME = AppIcon;
				INFOPLIST_FILE = Sportakus/Info.plist;
				LD_RUNPATH_SEARCH_PATHS = "$(inherited) @executable_path/Frameworks";
				PRODUCT_BUNDLE_IDENTIFIER = MLA.Sportakus;
				PRODUCT_NAME = "$(TARGET_NAME)";
				SWIFT_VERSION = 3.0;
			};
			name = Release;
		};
		6DFA92E01EAF516900752481 /* Debug */ = {
			isa = XCBuildConfiguration;
			buildSettings = {
				ALWAYS_EMBED_SWIFT_STANDARD_LIBRARIES = YES;
				BUNDLE_LOADER = "$(TEST_HOST)";
				INFOPLIST_FILE = SportakusTests/Info.plist;
				LD_RUNPATH_SEARCH_PATHS = "$(inherited) @executable_path/Frameworks @loader_path/Frameworks";
				PRODUCT_BUNDLE_IDENTIFIER = MLA.SportakusTests;
				PRODUCT_NAME = "$(TARGET_NAME)";
				SWIFT_VERSION = 3.0;
				TEST_HOST = "$(BUILT_PRODUCTS_DIR)/Sportakus.app/Sportakus";
			};
			name = Debug;
		};
		6DFA92E11EAF516900752481 /* Release */ = {
			isa = XCBuildConfiguration;
			buildSettings = {
				ALWAYS_EMBED_SWIFT_STANDARD_LIBRARIES = YES;
				BUNDLE_LOADER = "$(TEST_HOST)";
				INFOPLIST_FILE = SportakusTests/Info.plist;
				LD_RUNPATH_SEARCH_PATHS = "$(inherited) @executable_path/Frameworks @loader_path/Frameworks";
				PRODUCT_BUNDLE_IDENTIFIER = MLA.SportakusTests;
				PRODUCT_NAME = "$(TARGET_NAME)";
				SWIFT_VERSION = 3.0;
				TEST_HOST = "$(BUILT_PRODUCTS_DIR)/Sportakus.app/Sportakus";
			};
			name = Release;
		};
		6DFA92E31EAF516900752481 /* Debug */ = {
			isa = XCBuildConfiguration;
			buildSettings = {
				ALWAYS_EMBED_SWIFT_STANDARD_LIBRARIES = YES;
				INFOPLIST_FILE = SportakusUITests/Info.plist;
				LD_RUNPATH_SEARCH_PATHS = "$(inherited) @executable_path/Frameworks @loader_path/Frameworks";
				PRODUCT_BUNDLE_IDENTIFIER = MLA.SportakusUITests;
				PRODUCT_NAME = "$(TARGET_NAME)";
				SWIFT_VERSION = 3.0;
				TEST_TARGET_NAME = Sportakus;
			};
			name = Debug;
		};
		6DFA92E41EAF516900752481 /* Release */ = {
			isa = XCBuildConfiguration;
			buildSettings = {
				ALWAYS_EMBED_SWIFT_STANDARD_LIBRARIES = YES;
				INFOPLIST_FILE = SportakusUITests/Info.plist;
				LD_RUNPATH_SEARCH_PATHS = "$(inherited) @executable_path/Frameworks @loader_path/Frameworks";
				PRODUCT_BUNDLE_IDENTIFIER = MLA.SportakusUITests;
				PRODUCT_NAME = "$(TARGET_NAME)";
				SWIFT_VERSION = 3.0;
				TEST_TARGET_NAME = Sportakus;
			};
			name = Release;
		};
/* End XCBuildConfiguration section */

/* Begin XCConfigurationList section */
		6DFA92AF1EAF516900752481 /* Build configuration list for PBXProject "Sportakus" */ = {
			isa = XCConfigurationList;
			buildConfigurations = (
				6DFA92DA1EAF516900752481 /* Debug */,
				6DFA92DB1EAF516900752481 /* Release */,
			);
			defaultConfigurationIsVisible = 0;
			defaultConfigurationName = Release;
		};
		6DFA92DC1EAF516900752481 /* Build configuration list for PBXNativeTarget "Sportakus" */ = {
			isa = XCConfigurationList;
			buildConfigurations = (
				6DFA92DD1EAF516900752481 /* Debug */,
				6DFA92DE1EAF516900752481 /* Release */,
			);
			defaultConfigurationIsVisible = 0;
		};
		6DFA92DF1EAF516900752481 /* Build configuration list for PBXNativeTarget "SportakusTests" */ = {
			isa = XCConfigurationList;
			buildConfigurations = (
				6DFA92E01EAF516900752481 /* Debug */,
				6DFA92E11EAF516900752481 /* Release */,
			);
			defaultConfigurationIsVisible = 0;
		};
		6DFA92E21EAF516900752481 /* Build configuration list for PBXNativeTarget "SportakusUITests" */ = {
			isa = XCConfigurationList;
			buildConfigurations = (
				6DFA92E31EAF516900752481 /* Debug */,
				6DFA92E41EAF516900752481 /* Release */,
			);
			defaultConfigurationIsVisible = 0;
		};
/* End XCConfigurationList section */
	};
	rootObject = 6DFA92AC1EAF516900752481 /* Project object */;
}
